
Microsoft Visual Studio Solution File, Format Version 12.00
# Visual Studio Version 18
VisualStudioVersion = 18.4.11626.88
MinimumVisualStudioVersion = 10.0.40219.1
Project("{2150E333-8FDC-42A3-9474-1A3956D46DE8}") = "Solution Items", "Solution Items", "{8EC462FD-D22E-90A8-E5CE-7E832BA40C5D}"
	ProjectSection(SolutionItems) = preProject
		.gitignore = .gitignore
		BuildSolution.bat = BuildSolution.bat
		ByteForge.Tasks.targets = ByteForge.Tasks.targets
		Update-FromMaster.ps1 = Update-FromMaster.ps1
	EndProjectSection
EndProject
Project("{FAE04EC0-301F-11D3-BF4B-00C04F79EFBC}") = "ByteForge.Toolkit.Modern", "Toolkit.Modern\ByteForge.Toolkit.Modern.csproj", "{85F00757-D326-92D5-8554-8490A4F50AD7}"
EndProject
Project("{FAE04EC0-301F-11D3-BF4B-00C04F79EFBC}") = "WinSCPnet", "WinSCP\WinSCPnet.csproj", "{A351B4EA-4D10-9276-F768-C136DE18A947}"
EndProject
Project("{FAE04EC0-301F-11D3-BF4B-00C04F79EFBC}") = "ByteForge.Toolkit.Modern.Tests", "Toolkit.Modern.Tests\ByteForge.Toolkit.Modern.Tests.csproj", "{18AD53B5-B65D-4E68-9EBA-202A363E9783}"
EndProject
Project("{FAE04EC0-301F-11D3-BF4B-00C04F79EFBC}") = "TestBed", "TestBed\TestBed.csproj", "{2DC6B5A9-22D1-45B9-9848-B996FADF2656}"
EndProject
Project("{2150E333-8FDC-42A3-9474-1A3956D46DE8}") = ".github", ".github", "{8B4117F3-6468-4DFB-B718-990A21FC545F}"
EndProject
Project("{2150E333-8FDC-42A3-9474-1A3956D46DE8}") = "scripts", "scripts", "{4D4D756C-AC2B-4E60-9A21-0746FADF116A}"
	ProjectSection(SolutionItems) = preProject
		.github\scripts\bootstrap-test-sql.ps1 = .github\scripts\bootstrap-test-sql.ps1
	EndProjectSection
EndProject
Project("{2150E333-8FDC-42A3-9474-1A3956D46DE8}") = "workflows", "workflows", "{F3422C9B-0261-4BF9-9304-CF9529C10798}"
	ProjectSection(SolutionItems) = preProject
		.github\workflows\ci.yml = .github\workflows\ci.yml
	EndProjectSection
EndProject
Global
	GlobalSection(SolutionConfigurationPlatforms) = preSolution
		Debug|Any CPU = Debug|Any CPU
		Debug|x64 = Debug|x64
		Debug|x86 = Debug|x86
		Release|Any CPU = Release|Any CPU
		Release|x64 = Release|x64
		Release|x86 = Release|x86
	EndGlobalSection
	GlobalSection(ProjectConfigurationPlatforms) = postSolution
		{85F00757-D326-92D5-8554-8490A4F50AD7}.Debug|Any CPU.ActiveCfg = Debug|Any CPU
		{85F00757-D326-92D5-8554-8490A4F50AD7}.Debug|Any CPU.Build.0 = Debug|Any CPU
		{85F00757-D326-92D5-8554-8490A4F50AD7}.Debug|x64.ActiveCfg = Debug|Any CPU
		{85F00757-D326-92D5-8554-8490A4F50AD7}.Debug|x64.Build.0 = Debug|Any CPU
		{85F00757-D326-92D5-8554-8490A4F50AD7}.Debug|x86.ActiveCfg = Debug|Any CPU
		{85F00757-D326-92D5-8554-8490A4F50AD7}.Debug|x86.Build.0 = Debug|Any CPU
		{85F00757-D326-92D5-8554-8490A4F50AD7}.Release|Any CPU.ActiveCfg = Release|Any CPU
		{85F00757-D326-92D5-8554-8490A4F50AD7}.Release|Any CPU.Build.0 = Release|Any CPU
		{85F00757-D326-92D5-8554-8490A4F50AD7}.Release|x64.ActiveCfg = Release|Any CPU
		{85F00757-D326-92D5-8554-8490A4F50AD7}.Release|x64.Build.0 = Release|Any CPU
		{85F00757-D326-92D5-8554-8490A4F50AD7}.Release|x86.ActiveCfg = Release|Any CPU
		{85F00757-D326-92D5-8554-8490A4F50AD7}.Release|x86.Build.0 = Release|Any CPU
		{A351B4EA-4D10-9276-F768-C136DE18A947}.Debug|Any CPU.ActiveCfg = Debug|Any CPU
		{A351B4EA-4D10-9276-F768-C136DE18A947}.Debug|Any CPU.Build.0 = Debug|Any CPU
		{A351B4EA-4D10-9276-F768-C136DE18A947}.Debug|x64.ActiveCfg = Debug|Any CPU
		{A351B4EA-4D10-9276-F768-C136DE18A947}.Debug|x64.Build.0 = Debug|Any CPU
		{A351B4EA-4D10-9276-F768-C136DE18A947}.Debug|x86.ActiveCfg = Debug|Any CPU
		{A351B4EA-4D10-9276-F768-C136DE18A947}.Debug|x86.Build.0 = Debug|Any CPU
		{A351B4EA-4D10-9276-F768-C136DE18A947}.Release|Any CPU.ActiveCfg = Release|Any CPU
		{A351B4EA-4D10-9276-F768-C136DE18A947}.Release|Any CPU.Build.0 = Release|Any CPU
		{A351B4EA-4D10-9276-F768-C136DE18A947}.Release|x64.ActiveCfg = Release|Any CPU
		{A351B4EA-4D10-9276-F768-C136DE18A947}.Release|x64.Build.0 = Release|Any CPU
		{A351B4EA-4D10-9276-F768-C136DE18A947}.Release|x86.ActiveCfg = Release|Any CPU
		{A351B4EA-4D10-9276-F768-C136DE18A947}.Release|x86.Build.0 = Release|Any CPU
		{18AD53B5-B65D-4E68-9EBA-202A363E9783}.Debug|Any CPU.ActiveCfg = Debug|Any CPU
		{18AD53B5-B65D-4E68-9EBA-202A363E9783}.Debug|Any CPU.Build.0 = Debug|Any CPU
		{18AD53B5-B65D-4E68-9EBA-202A363E9783}.Debug|x64.ActiveCfg = Debug|Any CPU
		{18AD53B5-B65D-4E68-9EBA-202A363E9783}.Debug|x64.Build.0 = Debug|Any CPU
		{18AD53B5-B65D-4E68-9EBA-202A363E9783}.Debug|x86.ActiveCfg = Debug|Any CPU
		{18AD53B5-B65D-4E68-9EBA-202A363E9783}.Debug|x86.Build.0 = Debug|Any CPU
		{18AD53B5-B65D-4E68-9EBA-202A363E9783}.Release|Any CPU.ActiveCfg = Release|Any CPU
		{18AD53B5-B65D-4E68-9EBA-202A363E9783}.Release|Any CPU.Build.0 = Release|Any CPU
		{18AD53B5-B65D-4E68-9EBA-202A363E9783}.Release|x64.ActiveCfg = Release|Any CPU
		{18AD53B5-B65D-4E68-9EBA-202A363E9783}.Release|x64.Build.0 = Release|Any CPU
		{18AD53B5-B65D-4E68-9EBA-202A363E9783}.Release|x86.ActiveCfg = Release|Any CPU
		{18AD53B5-B65D-4E68-9EBA-202A363E9783}.Release|x86.Build.0 = Release|Any CPU
		{2DC6B5A9-22D1-45B9-9848-B996FADF2656}.Debug|Any CPU.ActiveCfg = Debug|Any CPU
		{2DC6B5A9-22D1-45B9-9848-B996FADF2656}.Debug|Any CPU.Build.0 = Debug|Any CPU
		{2DC6B5A9-22D1-45B9-9848-B996FADF2656}.Debug|x64.ActiveCfg = Debug|Any CPU
		{2DC6B5A9-22D1-45B9-9848-B996FADF2656}.Debug|x64.Build.0 = Debug|Any CPU
		{2DC6B5A9-22D1-45B9-9848-B996FADF2656}.Debug|x86.ActiveCfg = Debug|Any CPU
		{2DC6B5A9-22D1-45B9-9848-B996FADF2656}.Debug|x86.Build.0 = Debug|Any CPU
		{2DC6B5A9-22D1-45B9-9848-B996FADF2656}.Release|Any CPU.ActiveCfg = Release|Any CPU
		{2DC6B5A9-22D1-45B9-9848-B996FADF2656}.Release|Any CPU.Build.0 = Release|Any CPU
		{2DC6B5A9-22D1-45B9-9848-B996FADF2656}.Release|x64.ActiveCfg = Release|Any CPU
		{2DC6B5A9-22D1-45B9-9848-B996FADF2656}.Release|x64.Build.0 = Release|Any CPU
		{2DC6B5A9-22D1-45B9-9848-B996FADF2656}.Release|x86.ActiveCfg = Release|Any CPU
		{2DC6B5A9-22D1-45B9-9848-B996FADF2656}.Release|x86.Build.0 = Release|Any CPU
	EndGlobalSection
	GlobalSection(SolutionProperties) = preSolution
		HideSolutionNode = FALSE
	EndGlobalSection
	GlobalSection(NestedProjects) = preSolution
		{8B4117F3-6468-4DFB-B718-990A21FC545F} = {8EC462FD-D22E-90A8-E5CE-7E832BA40C5D}
		{4D4D756C-AC2B-4E60-9A21-0746FADF116A} = {8B4117F3-6468-4DFB-B718-990A21FC545F}
		{F3422C9B-0261-4BF9-9304-CF9529C10798} = {8B4117F3-6468-4DFB-B718-990A21FC545F}
	EndGlobalSection
	GlobalSection(ExtensibilityGlobals) = postSolution
		SolutionGuid = {922F34C5-2289-4FE7-9A8E-F4F311516D5E}
	EndGlobalSection
EndGlobal
